
Microsoft Visual Studio Solution File, Format Version 12.00
# Visual Studio Version 17
VisualStudioVersion = 17.0.31611.283
MinimumVisualStudioVersion = 10.0.40219.1
Project("{9A19103F-16F7-4668-BE54-9A1E7A4F7556}") = "The49.Maui.BottomSheet.Sample", "sample\The49.Maui.BottomSheet.Sample.csproj", "{44F336B4-1250-43B6-B263-B22D6B436FCF}"
EndProject
Project("{9A19103F-16F7-4668-BE54-9A1E7A4F7556}") = "The49.Maui.BottomSheet", "src\The49.Maui.BottomSheet.csproj", "{A22AD19E-5552-44A8-81CE-7ACEC76F6822}"
EndProject
Project("{2150E333-8FDC-42A3-9474-1A3956D46DE8}") = "Solution Items", "Solution Items", "{8A921141-CFBB-4A46-8C99-9D3D3F36333B}"
	ProjectSection(SolutionItems) = preProject
		Directory.Packages.props = Directory.Packages.props
	EndProjectSection
EndProject
Global
	GlobalSection(SolutionConfigurationPlatforms) = preSolution
		Debug|Any CPU = Debug|Any CPU
		Release|Any CPU = Release|Any CPU
	EndGlobalSection
	GlobalSection(ProjectConfigurationPlatforms) = postSolution
		{44F336B4-1250-43B6-B263-B22D6B436FCF}.Debug|Any CPU.ActiveCfg = Debug|Any CPU
		{44F336B4-1250-43B6-B263-B22D6B436FCF}.Debug|Any CPU.Build.0 = Debug|Any CPU
		{44F336B4-1250-43B6-B263-B22D6B436FCF}.Debug|Any CPU.Deploy.0 = Debug|Any CPU
		{44F336B4-1250-43B6-B263-B22D6B436FCF}.Release|Any CPU.ActiveCfg = Release|Any CPU
		{44F336B4-1250-43B6-B263-B22D6B436FCF}.Release|Any CPU.Build.0 = Release|Any CPU
		{44F336B4-1250-43B6-B263-B22D6B436FCF}.Release|Any CPU.Deploy.0 = Release|Any CPU
		{A22AD19E-5552-44A8-81CE-7ACEC76F6822}.Debug|Any CPU.ActiveCfg = Debug|Any CPU
		{A22AD19E-5552-44A8-81CE-7ACEC76F6822}.Debug|Any CPU.Build.0 = Debug|Any CPU
		{A22AD19E-5552-44A8-81CE-7ACEC76F6822}.Debug|Any CPU.Deploy.0 = Debug|Any CPU
		{A22AD19E-5552-44A8-81CE-7ACEC76F6822}.Release|Any CPU.ActiveCfg = Release|Any CPU
		{A22AD19E-5552-44A8-81CE-7ACEC76F6822}.Release|Any CPU.Build.0 = Release|Any CPU
		{A22AD19E-5552-44A8-81CE-7ACEC76F6822}.Release|Any CPU.Deploy.0 = Release|Any CPU
	EndGlobalSection
	GlobalSection(SolutionProperties) = preSolution
		HideSolutionNode = FALSE
	EndGlobalSection
	GlobalSection(ExtensibilityGlobals) = postSolution
		SolutionGuid = {61F7FB11-1E47-470C-91E2-47F8143E1572}
	EndGlobalSection
EndGlobal
